
Microsoft Visual Studio Solution File, Format Version 12.00
# Visual Studio 15
Project("{FAE04EC0-301F-11D3-BF4B-00C04F79EFBC}") = "Assembly-CSharp", "Assembly-CSharp.csproj", "{14D5051D-D4F2-A4DE-ECB6-A1F668CA22DB}"
EndProject
Project("{FAE04EC0-301F-11D3-BF4B-00C04F79EFBC}") = "Assembly-CSharp-Editor", "Assembly-CSharp-Editor.csproj", "{D6E8A598-FE09-9D8F-BCDF-9B616522991A}"
EndProject
Global
	GlobalSection(SolutionConfigurationPlatforms) = preSolution
		Debug|Any CPU = Debug|Any CPU
		Release|Any CPU = Release|Any CPU
	EndGlobalSection
	GlobalSection(ProjectConfigurationPlatforms) = postSolution
		{14D5051D-D4F2-A4DE-ECB6-A1F668CA22DB}.Debug|Any CPU.ActiveCfg = Debug|Any CPU
		{14D5051D-D4F2-A4DE-ECB6-A1F668CA22DB}.Debug|Any CPU.Build.0 = Debug|Any CPU
		{14D5051D-D4F2-A4DE-ECB6-A1F668CA22DB}.Release|Any CPU.ActiveCfg = Release|Any CPU
		{14D5051D-D4F2-A4DE-ECB6-A1F668CA22DB}.Release|Any CPU.Build.0 = Release|Any CPU
		{D6E8A598-FE09-9D8F-BCDF-9B616522991A}.Debug|Any CPU.ActiveCfg = Debug|Any CPU
		{D6E8A598-FE09-9D8F-BCDF-9B616522991A}.Debug|Any CPU.Build.0 = Debug|Any CPU
		{D6E8A598-FE09-9D8F-BCDF-9B616522991A}.Release|Any CPU.ActiveCfg = Release|Any CPU
		{D6E8A598-FE09-9D8F-BCDF-9B616522991A}.Release|Any CPU.Build.0 = Release|Any CPU
	EndGlobalSection
	GlobalSection(SolutionProperties) = preSolution
		HideSolutionNode = FALSE
	EndGlobalSection
EndGlobal
